
Microsoft Visual Studio Solution File, Format Version 12.00
# Visual Studio 15
VisualStudioVersion = 15.0.28010.2016
MinimumVisualStudioVersion = 10.0.40219.1
Project("{FAE04EC0-301F-11D3-BF4B-00C04F79EFBC}") = "Hexagonal.WebApi", "Hexagonal.WebApi\Hexagonal.WebApi.csproj", "{D500714A-8B73-4A3E-B071-CF29172A183B}"
EndProject
Global
	GlobalSection(SolutionConfigurationPlatforms) = preSolution
		Debug|Any CPU = Debug|Any CPU
		Release|Any CPU = Release|Any CPU
	EndGlobalSection
	GlobalSection(ProjectConfigurationPlatforms) = postSolution
		{D500714A-8B73-4A3E-B071-CF29172A183B}.Debug|Any CPU.ActiveCfg = Debug|Any CPU
		{D500714A-8B73-4A3E-B071-CF29172A183B}.Debug|Any CPU.Build.0 = Debug|Any CPU
		{D500714A-8B73-4A3E-B071-CF29172A183B}.Release|Any CPU.ActiveCfg = Release|Any CPU
		{D500714A-8B73-4A3E-B071-CF29172A183B}.Release|Any CPU.Build.0 = Release|Any CPU
	EndGlobalSection
	GlobalSection(SolutionProperties) = preSolution
		HideSolutionNode = FALSE
	EndGlobalSection
	GlobalSection(ExtensibilityGlobals) = postSolution
		SolutionGuid = {6293489D-11F7-469D-844D-DDA52AFCB655}
	EndGlobalSection
EndGlobal
